
Microsoft Visual Studio Solution File, Format Version 12.00
# Visual Studio Version 17
VisualStudioVersion = 17.0.31903.59
MinimumVisualStudioVersion = 10.0.40219.1
Project("{2150E333-8FDC-42A3-9474-1A3956D46DE8}") = "src", "src", "{8EB11EE3-A914-4D16-ABB2-2C2F658CC73E}"
EndProject
Project("{FAE04EC0-301F-11D3-BF4B-00C04F79EFBC}") = "AudD", "src\AudD\AudD.csproj", "{BA7C96B9-5578-4FDE-BD7F-BB006439BAA1}"
EndProject
Project("{2150E333-8FDC-42A3-9474-1A3956D46DE8}") = "tests", "tests", "{CAE6A8DC-B4AF-4742-8756-125A01617604}"
EndProject
Project("{FAE04EC0-301F-11D3-BF4B-00C04F79EFBC}") = "AudD.Tests", "tests\AudD.Tests\AudD.Tests.csproj", "{6C42E5E8-FAA9-4123-8E4D-80A8DD95A3CD}"
EndProject
Project("{2150E333-8FDC-42A3-9474-1A3956D46DE8}") = "examples", "examples", "{5DCE1A5C-8C95-43A0-985C-7B7DB8F59583}"
EndProject
Project("{FAE04EC0-301F-11D3-BF4B-00C04F79EFBC}") = "RecognizeUrl", "examples\RecognizeUrl\RecognizeUrl.csproj", "{B619FAC3-9B61-4E44-9A6E-6BEBE52C2325}"
EndProject
Project("{FAE04EC0-301F-11D3-BF4B-00C04F79EFBC}") = "RecognizeFile", "examples\RecognizeFile\RecognizeFile.csproj", "{20824FCA-57F1-49CE-8A72-A4D23204481C}"
EndProject
Project("{FAE04EC0-301F-11D3-BF4B-00C04F79EFBC}") = "RecognizeEnterprise", "examples\RecognizeEnterprise\RecognizeEnterprise.csproj", "{B629E023-D194-4960-A25A-035C5A65CD5B}"
EndProject
Project("{FAE04EC0-301F-11D3-BF4B-00C04F79EFBC}") = "StreamsSetup", "examples\StreamsSetup\StreamsSetup.csproj", "{9CA61791-105D-4FA5-AFB2-1EEA29BD3EE3}"
EndProject
Project("{FAE04EC0-301F-11D3-BF4B-00C04F79EFBC}") = "StreamsLongpoll", "examples\StreamsLongpoll\StreamsLongpoll.csproj", "{5AEFABFD-C885-476A-8FFC-0EE01704B766}"
EndProject
Project("{FAE04EC0-301F-11D3-BF4B-00C04F79EFBC}") = "StreamsCallbackHandler", "examples\StreamsCallbackHandler\StreamsCallbackHandler.csproj", "{8CDA6201-6592-4809-8CB5-52CB490D12BE}"
EndProject
Project("{FAE04EC0-301F-11D3-BF4B-00C04F79EFBC}") = "CustomCatalogAdd", "examples\CustomCatalogAdd\CustomCatalogAdd.csproj", "{9B18EDF4-4200-4BFE-A324-625E8100994D}"
EndProject
Project("{FAE04EC0-301F-11D3-BF4B-00C04F79EFBC}") = "TokenlessLongpoll", "examples\TokenlessLongpoll\TokenlessLongpoll.csproj", "{1F5EFB8D-BE80-4DC8-9DDC-05BF25D5E98D}"
EndProject
Project("{FAE04EC0-301F-11D3-BF4B-00C04F79EFBC}") = "ScanAndRename", "examples\ScanAndRename\ScanAndRename.csproj", "{ADD48CC4-E60D-4076-99A3-71F083041FD7}"
EndProject
Project("{FAE04EC0-301F-11D3-BF4B-00C04F79EFBC}") = "StreamToCsv", "examples\StreamToCsv\StreamToCsv.csproj", "{A319AE2A-9CDD-4309-B802-9E36397ABAC2}"
EndProject
Global
	GlobalSection(SolutionConfigurationPlatforms) = preSolution
		Debug|Any CPU = Debug|Any CPU
		Release|Any CPU = Release|Any CPU
	EndGlobalSection
	GlobalSection(SolutionProperties) = preSolution
		HideSolutionNode = FALSE
	EndGlobalSection
	GlobalSection(ProjectConfigurationPlatforms) = postSolution
		{BA7C96B9-5578-4FDE-BD7F-BB006439BAA1}.Debug|Any CPU.ActiveCfg = Debug|Any CPU
		{BA7C96B9-5578-4FDE-BD7F-BB006439BAA1}.Debug|Any CPU.Build.0 = Debug|Any CPU
		{BA7C96B9-5578-4FDE-BD7F-BB006439BAA1}.Release|Any CPU.ActiveCfg = Release|Any CPU
		{BA7C96B9-5578-4FDE-BD7F-BB006439BAA1}.Release|Any CPU.Build.0 = Release|Any CPU
		{6C42E5E8-FAA9-4123-8E4D-80A8DD95A3CD}.Debug|Any CPU.ActiveCfg = Debug|Any CPU
		{6C42E5E8-FAA9-4123-8E4D-80A8DD95A3CD}.Debug|Any CPU.Build.0 = Debug|Any CPU
		{6C42E5E8-FAA9-4123-8E4D-80A8DD95A3CD}.Release|Any CPU.ActiveCfg = Release|Any CPU
		{6C42E5E8-FAA9-4123-8E4D-80A8DD95A3CD}.Release|Any CPU.Build.0 = Release|Any CPU
		{B619FAC3-9B61-4E44-9A6E-6BEBE52C2325}.Debug|Any CPU.ActiveCfg = Debug|Any CPU
		{B619FAC3-9B61-4E44-9A6E-6BEBE52C2325}.Debug|Any CPU.Build.0 = Debug|Any CPU
		{B619FAC3-9B61-4E44-9A6E-6BEBE52C2325}.Release|Any CPU.ActiveCfg = Release|Any CPU
		{B619FAC3-9B61-4E44-9A6E-6BEBE52C2325}.Release|Any CPU.Build.0 = Release|Any CPU
		{20824FCA-57F1-49CE-8A72-A4D23204481C}.Debug|Any CPU.ActiveCfg = Debug|Any CPU
		{20824FCA-57F1-49CE-8A72-A4D23204481C}.Debug|Any CPU.Build.0 = Debug|Any CPU
		{20824FCA-57F1-49CE-8A72-A4D23204481C}.Release|Any CPU.ActiveCfg = Release|Any CPU
		{20824FCA-57F1-49CE-8A72-A4D23204481C}.Release|Any CPU.Build.0 = Release|Any CPU
		{B629E023-D194-4960-A25A-035C5A65CD5B}.Debug|Any CPU.ActiveCfg = Debug|Any CPU
		{B629E023-D194-4960-A25A-035C5A65CD5B}.Debug|Any CPU.Build.0 = Debug|Any CPU
		{B629E023-D194-4960-A25A-035C5A65CD5B}.Release|Any CPU.ActiveCfg = Release|Any CPU
		{B629E023-D194-4960-A25A-035C5A65CD5B}.Release|Any CPU.Build.0 = Release|Any CPU
		{9CA61791-105D-4FA5-AFB2-1EEA29BD3EE3}.Debug|Any CPU.ActiveCfg = Debug|Any CPU
		{9CA61791-105D-4FA5-AFB2-1EEA29BD3EE3}.Debug|Any CPU.Build.0 = Debug|Any CPU
		{9CA61791-105D-4FA5-AFB2-1EEA29BD3EE3}.Release|Any CPU.ActiveCfg = Release|Any CPU
		{9CA61791-105D-4FA5-AFB2-1EEA29BD3EE3}.Release|Any CPU.Build.0 = Release|Any CPU
		{5AEFABFD-C885-476A-8FFC-0EE01704B766}.Debug|Any CPU.ActiveCfg = Debug|Any CPU
		{5AEFABFD-C885-476A-8FFC-0EE01704B766}.Debug|Any CPU.Build.0 = Debug|Any CPU
		{5AEFABFD-C885-476A-8FFC-0EE01704B766}.Release|Any CPU.ActiveCfg = Release|Any CPU
		{5AEFABFD-C885-476A-8FFC-0EE01704B766}.Release|Any CPU.Build.0 = Release|Any CPU
		{8CDA6201-6592-4809-8CB5-52CB490D12BE}.Debug|Any CPU.ActiveCfg = Debug|Any CPU
		{8CDA6201-6592-4809-8CB5-52CB490D12BE}.Debug|Any CPU.Build.0 = Debug|Any CPU
		{8CDA6201-6592-4809-8CB5-52CB490D12BE}.Release|Any CPU.ActiveCfg = Release|Any CPU
		{8CDA6201-6592-4809-8CB5-52CB490D12BE}.Release|Any CPU.Build.0 = Release|Any CPU
		{9B18EDF4-4200-4BFE-A324-625E8100994D}.Debug|Any CPU.ActiveCfg = Debug|Any CPU
		{9B18EDF4-4200-4BFE-A324-625E8100994D}.Debug|Any CPU.Build.0 = Debug|Any CPU
		{9B18EDF4-4200-4BFE-A324-625E8100994D}.Release|Any CPU.ActiveCfg = Release|Any CPU
		{9B18EDF4-4200-4BFE-A324-625E8100994D}.Release|Any CPU.Build.0 = Release|Any CPU
		{1F5EFB8D-BE80-4DC8-9DDC-05BF25D5E98D}.Debug|Any CPU.ActiveCfg = Debug|Any CPU
		{1F5EFB8D-BE80-4DC8-9DDC-05BF25D5E98D}.Debug|Any CPU.Build.0 = Debug|Any CPU
		{1F5EFB8D-BE80-4DC8-9DDC-05BF25D5E98D}.Release|Any CPU.ActiveCfg = Release|Any CPU
		{1F5EFB8D-BE80-4DC8-9DDC-05BF25D5E98D}.Release|Any CPU.Build.0 = Release|Any CPU
		{ADD48CC4-E60D-4076-99A3-71F083041FD7}.Debug|Any CPU.ActiveCfg = Debug|Any CPU
		{ADD48CC4-E60D-4076-99A3-71F083041FD7}.Debug|Any CPU.Build.0 = Debug|Any CPU
		{ADD48CC4-E60D-4076-99A3-71F083041FD7}.Release|Any CPU.ActiveCfg = Release|Any CPU
		{ADD48CC4-E60D-4076-99A3-71F083041FD7}.Release|Any CPU.Build.0 = Release|Any CPU
		{A319AE2A-9CDD-4309-B802-9E36397ABAC2}.Debug|Any CPU.ActiveCfg = Debug|Any CPU
		{A319AE2A-9CDD-4309-B802-9E36397ABAC2}.Debug|Any CPU.Build.0 = Debug|Any CPU
		{A319AE2A-9CDD-4309-B802-9E36397ABAC2}.Release|Any CPU.ActiveCfg = Release|Any CPU
		{A319AE2A-9CDD-4309-B802-9E36397ABAC2}.Release|Any CPU.Build.0 = Release|Any CPU
	EndGlobalSection
	GlobalSection(NestedProjects) = preSolution
		{BA7C96B9-5578-4FDE-BD7F-BB006439BAA1} = {8EB11EE3-A914-4D16-ABB2-2C2F658CC73E}
		{6C42E5E8-FAA9-4123-8E4D-80A8DD95A3CD} = {CAE6A8DC-B4AF-4742-8756-125A01617604}
		{B619FAC3-9B61-4E44-9A6E-6BEBE52C2325} = {5DCE1A5C-8C95-43A0-985C-7B7DB8F59583}
		{20824FCA-57F1-49CE-8A72-A4D23204481C} = {5DCE1A5C-8C95-43A0-985C-7B7DB8F59583}
		{B629E023-D194-4960-A25A-035C5A65CD5B} = {5DCE1A5C-8C95-43A0-985C-7B7DB8F59583}
		{9CA61791-105D-4FA5-AFB2-1EEA29BD3EE3} = {5DCE1A5C-8C95-43A0-985C-7B7DB8F59583}
		{5AEFABFD-C885-476A-8FFC-0EE01704B766} = {5DCE1A5C-8C95-43A0-985C-7B7DB8F59583}
		{8CDA6201-6592-4809-8CB5-52CB490D12BE} = {5DCE1A5C-8C95-43A0-985C-7B7DB8F59583}
		{9B18EDF4-4200-4BFE-A324-625E8100994D} = {5DCE1A5C-8C95-43A0-985C-7B7DB8F59583}
		{1F5EFB8D-BE80-4DC8-9DDC-05BF25D5E98D} = {5DCE1A5C-8C95-43A0-985C-7B7DB8F59583}
		{ADD48CC4-E60D-4076-99A3-71F083041FD7} = {5DCE1A5C-8C95-43A0-985C-7B7DB8F59583}
		{A319AE2A-9CDD-4309-B802-9E36397ABAC2} = {5DCE1A5C-8C95-43A0-985C-7B7DB8F59583}
	EndGlobalSection
EndGlobal
